
Microsoft Visual Studio Solution File, Format Version 12.00
# Visual Studio Version 17
VisualStudioVersion = 17.3.32825.248
MinimumVisualStudioVersion = 10.0.40219.1
Project("{FAE04EC0-301F-11D3-BF4B-00C04F79EFBC}") = "FTP_ValidacionArchivosFTP", "FTP_ValidacionArchivosFTP\FTP_ValidacionArchivosFTP.csproj", "{21E04E6B-42CD-4564-B487-2531DF204AC9}"
EndProject
Global
	GlobalSection(SolutionConfigurationPlatforms) = preSolution
		Debug|Any CPU = Debug|Any CPU
		Release|Any CPU = Release|Any CPU
	EndGlobalSection
	GlobalSection(ProjectConfigurationPlatforms) = postSolution
		{21E04E6B-42CD-4564-B487-2531DF204AC9}.Debug|Any CPU.ActiveCfg = Debug|Any CPU
		{21E04E6B-42CD-4564-B487-2531DF204AC9}.Debug|Any CPU.Build.0 = Debug|Any CPU
		{21E04E6B-42CD-4564-B487-2531DF204AC9}.Release|Any CPU.ActiveCfg = Release|Any CPU
		{21E04E6B-42CD-4564-B487-2531DF204AC9}.Release|Any CPU.Build.0 = Release|Any CPU
	EndGlobalSection
	GlobalSection(SolutionProperties) = preSolution
		HideSolutionNode = FALSE
	EndGlobalSection
	GlobalSection(ExtensibilityGlobals) = postSolution
		SolutionGuid = {696333EE-9792-4F4F-B3AD-0BECD1A93553}
	EndGlobalSection
EndGlobal
